
Microsoft Visual Studio Solution File, Format Version 12.00
# Visual Studio Version 16
VisualStudioVersion = 16.0.30114.105
MinimumVisualStudioVersion = 10.0.40219.1
Project("{888888A0-9F3D-457C-B088-3A5042F75D52}") = "AppStructureTest", "AppStructureTest.pyproj", "{E792F8A8-85EA-499C-9FBE-B1B8ACBE33D2}"
EndProject
Global
	GlobalSection(SolutionConfigurationPlatforms) = preSolution
		Debug|Any CPU = Debug|Any CPU
		Release|Any CPU = Release|Any CPU
	EndGlobalSection
	GlobalSection(ProjectConfigurationPlatforms) = postSolution
		{E792F8A8-85EA-499C-9FBE-B1B8ACBE33D2}.Debug|Any CPU.ActiveCfg = Debug|Any CPU
		{E792F8A8-85EA-499C-9FBE-B1B8ACBE33D2}.Release|Any CPU.ActiveCfg = Release|Any CPU
	EndGlobalSection
	GlobalSection(SolutionProperties) = preSolution
		HideSolutionNode = FALSE
	EndGlobalSection
	GlobalSection(ExtensibilityGlobals) = postSolution
		SolutionGuid = {F294EB92-EAE6-4FB6-86C1-6E31031131DA}
	EndGlobalSection
EndGlobal
